// !$*UTF8*$!
{
	archiveVersion = 1;
	classes = {
	};
	objectVersion = 52;
	objects = {

/* Begin PBXBuildFile section */
		346E055F264882F200B45E9A /* BookSorterApp.swift in Sources */ = {isa = PBXBuildFile; fileRef = 346E055E264882F200B45E9A /* BookSorterApp.swift */; };
		346E0561264882F200B45E9A /* ContentView.swift in Sources */ = {isa = PBXBuildFile; fileRef = 346E0560264882F200B45E9A /* ContentView.swift */; };
		346E0563264882F300B45E9A /* Assets.xcassets in Resources */ = {isa = PBXBuildFile; fileRef = 346E0562264882F300B45E9A /* Assets.xcassets */; };
		346E0566264882F300B45E9A /* Preview Assets.xcassets in Resources */ = {isa = PBXBuildFile; fileRef = 346E0565264882F300B45E9A /* Preview Assets.xcassets */; };
		346E056E2648833800B45E9A /* BarCodeScanner.swift in Sources */ = {isa = PBXBuildFile; fileRef = 346E056D2648833800B45E9A /* BarCodeScanner.swift */; };
		346E0571264891A300B45E9A /* CodeScanner in Frameworks */ = {isa = PBXBuildFile; productRef = 346E0570264891A300B45E9A /* CodeScanner */; };
		346E05732648977F00B45E9A /* Books.swift in Sources */ = {isa = PBXBuildFile; fileRef = 346E05722648977F00B45E9A /* Books.swift */; };
/* End PBXBuildFile section */

/* Begin PBXFileReference section */
		346E055B264882F200B45E9A /* BookSorter.app */ = {isa = PBXFileReference; explicitFileType = wrapper.application; includeInIndex = 0; path = BookSorter.app; sourceTree = BUILT_PRODUCTS_DIR; };
		346E055E264882F200B45E9A /* BookSorterApp.swift */ = {isa = PBXFileReference; lastKnownFileType = sourcecode.swift; path = BookSorterApp.swift; sourceTree = "<group>"; };
		346E0560264882F200B45E9A /* ContentView.swift */ = {isa = PBXFileReference; lastKnownFileType = sourcecode.swift; path = ContentView.swift; sourceTree = "<group>"; };
		346E0562264882F300B45E9A /* Assets.xcassets */ = {isa = PBXFileReference; lastKnownFileType = folder.assetcatalog; path = Assets.xcassets; sourceTree = "<group>"; };
		346E0565264882F300B45E9A /* Preview Assets.xcassets */ = {isa = PBXFileReference; lastKnownFileType = folder.assetcatalog; path = "Preview Assets.xcassets"; sourceTree = "<group>"; };
		346E0567264882F300B45E9A /* Info.plist */ = {isa = PBXFileReference; lastKnownFileType = text.plist.xml; path = Info.plist; sourceTree = "<group>"; };
		346E056D2648833800B45E9A /* BarCodeScanner.swift */ = {isa = PBXFileReference; lastKnownFileType = sourcecode.swift; path = BarCodeScanner.swift; sourceTree = "<group>"; };
		346E05722648977F00B45E9A /* Books.swift */ = {isa = PBXFileReference; lastKnownFileType = sourcecode.swift; path = Books.swift; sourceTree = "<group>"; };
/* End PBXFileReference section */

/* Begin PBXFrameworksBuildPhase section */
		346E0558264882F200B45E9A /* Frameworks */ = {
			isa = PBXFrameworksBuildPhase;
			buildActionMask = 2147483647;
			files = (
				346E0571264891A300B45E9A /* CodeScanner in Frameworks */,
			);
			runOnlyForDeploymentPostprocessing = 0;
		};
/* End PBXFrameworksBuildPhase section */

/* Begin PBXGroup section */
		346E0552264882F200B45E9A = {
			isa = PBXGroup;
			children = (
				346E055D264882F200B45E9A /* BookSorter */,
				346E055C264882F200B45E9A /* Products */,
			);
			sourceTree = "<group>";
		};
		346E055C264882F200B45E9A /* Products */ = {
			isa = PBXGroup;
			children = (
				346E055B264882F200B45E9A /* BookSorter.app */,
			);
			name = Products;
			sourceTree = "<group>";
		};
		346E055D264882F200B45E9A /* BookSorter */ = {
			isa = PBXGroup;
			children = (
				346E055E264882F200B45E9A /* BookSorterApp.swift */,
				346E056D2648833800B45E9A /* BarCodeScanner.swift */,
				346E0560264882F200B45E9A /* ContentView.swift */,
				346E05722648977F00B45E9A /* Books.swift */,
				346E0562264882F300B45E9A /* Assets.xcassets */,
				346E0567264882F300B45E9A /* Info.plist */,
				346E0564264882F300B45E9A /* Preview Content */,
			);
			path = BookSorter;
			sourceTree = "<group>";
		};
		346E0564264882F300B45E9A /* Preview Content */ = {
			isa = PBXGroup;
			children = (
				346E0565264882F300B45E9A /* Preview Assets.xcassets */,
			);
			path = "Preview Content";
			sourceTree = "<group>";
		};
/* End PBXGroup section */

/* Begin PBXNativeTarget section */
		346E055A264882F200B45E9A /* BookSorter */ = {
			isa = PBXNativeTarget;
			buildConfigurationList = 346E056A264882F300B45E9A /* Build configuration list for PBXNativeTarget "BookSorter" */;
			buildPhases = (
				346E0557264882F200B45E9A /* Sources */,
				346E0558264882F200B45E9A /* Frameworks */,
				346E0559264882F200B45E9A /* Resources */,
			);
			buildRules = (
			);
			dependencies = (
			);
			name = BookSorter;
			packageProductDependencies = (
				346E0570264891A300B45E9A /* CodeScanner */,
			);
			productName = BookSorter;
			productReference = 346E055B264882F200B45E9A /* BookSorter.app */;
			productType = "com.apple.product-type.application";
		};
/* End PBXNativeTarget section */

/* Begin PBXProject section */
		346E0553264882F200B45E9A /* Project object */ = {
			isa = PBXProject;
			attributes = {
				LastSwiftUpdateCheck = 1250;
				LastUpgradeCheck = 1250;
				TargetAttributes = {
					346E055A264882F200B45E9A = {
						CreatedOnToolsVersion = 12.5;
					};
				};
			};
			buildConfigurationList = 346E0556264882F200B45E9A /* Build configuration list for PBXProject "BookSorter" */;
			compatibilityVersion = "Xcode 9.3";
			developmentRegion = en;
			hasScannedForEncodings = 0;
			knownRegions = (
				en,
				Base,
			);
			mainGroup = 346E0552264882F200B45E9A;
			packageReferences = (
				346E056F264891A300B45E9A /* XCRemoteSwiftPackageReference "CodeScanner" */,
			);
			productRefGroup = 346E055C264882F200B45E9A /* Products */;
			projectDirPath = "";
			projectRoot = "";
			targets = (
				346E055A264882F200B45E9A /* BookSorter */,
			);
		};
/* End PBXProject section */

/* Begin PBXResourcesBuildPhase section */
		346E0559264882F200B45E9A /* Resources */ = {
			isa = PBXResourcesBuildPhase;
			buildActionMask = 2147483647;
			files = (
				346E0566264882F300B45E9A /* Preview Assets.xcassets in Resources */,
				346E0563264882F300B45E9A /* Assets.xcassets in Resources */,
			);
			runOnlyForDeploymentPostprocessing = 0;
		};
/* End PBXResourcesBuildPhase section */

/* Begin PBXSourcesBuildPhase section */
		346E0557264882F200B45E9A /* Sources */ = {
			isa = PBXSourcesBuildPhase;
			buildActionMask = 2147483647;
			files = (
				346E05732648977F00B45E9A /* Books.swift in Sources */,
				346E0561264882F200B45E9A /* ContentView.swift in Sources */,
				346E055F264882F200B45E9A /* BookSorterApp.swift in Sources */,
				346E056E2648833800B45E9A /* BarCodeScanner.swift in Sources */,
			);
			runOnlyForDeploymentPostprocessing = 0;
		};
/* End PBXSourcesBuildPhase section */

/* Begin XCBuildConfiguration section */
		346E0568264882F300B45E9A /* Debug */ = {
			isa = XCBuildConfiguration;
			buildSettings = {
				ALWAYS_SEARCH_USER_PATHS = NO;
				CLANG_ANALYZER_NONNULL = YES;
				CLANG_ANALYZER_NUMBER_OBJECT_CONVERSION = YES_AGGRESSIVE;
				CLANG_CXX_LANGUAGE_STANDARD = "gnu++14";
				CLANG_CXX_LIBRARY = "libc++";
				CLANG_ENABLE_MODULES = YES;
				CLANG_ENABLE_OBJC_ARC = YES;
				CLANG_ENABLE_OBJC_WEAK = YES;
				CLANG_WARN_BLOCK_CAPTURE_AUTORELEASING = YES;
				CLANG_WARN_BOOL_CONVERSION = YES;
				CLANG_WARN_COMMA = YES;
				CLANG_WARN_CONSTANT_CONVERSION = YES;
				CLANG_WARN_DEPRECATED_OBJC_IMPLEMENTATIONS = YES;
				CLANG_WARN_DIRECT_OBJC_ISA_USAGE = YES_ERROR;
				CLANG_WARN_DOCUMENTATION_COMMENTS = YES;
				CLANG_WARN_EMPTY_BODY = YES;
				CLANG_WARN_ENUM_CONVERSION = YES;
				CLANG_WARN_INFINITE_RECURSION = YES;
				CLANG_WARN_INT_CONVERSION = YES;
				CLANG_WARN_NON_LITERAL_NULL_CONVERSION = YES;
				CLANG_WARN_OBJC_IMPLICIT_RETAIN_SELF = YES;
				CLANG_WARN_OBJC_LITERAL_CONVERSION = YES;
				CLANG_WARN_OBJC_ROOT_CLASS = YES_ERROR;
				CLANG_WARN_QUOTED_INCLUDE_IN_FRAMEWORK_HEADER = YES;
				CLANG_WARN_RANGE_LOOP_ANALYSIS = YES;
				CLANG_WARN_STRICT_PROTOTYPES = YES;
				CLANG_WARN_SUSPICIOUS_MOVE = YES;
				CLANG_WARN_UNGUARDED_AVAILABILITY = YES_AGGRESSIVE;
				CLANG_WARN_UNREACHABLE_CODE = YES;
				CLANG_WARN__DUPLICATE_METHOD_MATCH = YES;
				COPY_PHASE_STRIP = NO;
				DEBUG_INFORMATION_FORMAT = dwarf;
				ENABLE_STRICT_OBJC_MSGSEND = YES;
				ENABLE_TESTABILITY = YES;
				GCC_C_LANGUAGE_STANDARD = gnu11;
				GCC_DYNAMIC_NO_PIC = NO;
				GCC_NO_COMMON_BLOCKS = YES;
				GCC_OPTIMIZATION_LEVEL = 0;
				GCC_PREPROCESSOR_DEFINITIONS = (
					"DEBUG=1",
					"$(inherited)",
				);
				GCC_WARN_64_TO_32_BIT_CONVERSION = YES;
				GCC_WARN_ABOUT_RETURN_TYPE = YES_ERROR;
				GCC_WARN_UNDECLARED_SELECTOR = YES;
				GCC_WARN_UNINITIALIZED_AUTOS = YES_AGGRESSIVE;
				GCC_WARN_UNUSED_FUNCTION = YES;
				GCC_WARN_UNUSED_VARIABLE = YES;
				IPHONEOS_DEPLOYMENT_TARGET = 14.5;
				MTL_ENABLE_DEBUG_INFO = INCLUDE_SOURCE;
				MTL_FAST_MATH = YES;
				ONLY_ACTIVE_ARCH = YES;
				SDKROOT = iphoneos;
				SWIFT_ACTIVE_COMPILATION_CONDITIONS = DEBUG;
				SWIFT_OPTIMIZATION_LEVEL = "-Onone";
			};
			name = Debug;
		};
		346E0569264882F300B45E9A /* Release */ = {
			isa = XCBuildConfiguration;
			buildSettings = {
				ALWAYS_SEARCH_USER_PATHS = NO;
				CLANG_ANALYZER_NONNULL = YES;
				CLANG_ANALYZER_NUMBER_OBJECT_CONVERSION = YES_AGGRESSIVE;
				CLANG_CXX_LANGUAGE_STANDARD = "gnu++14";
				CLANG_CXX_LIBRARY = "libc++";
				CLANG_ENABLE_MODULES = YES;
				CLANG_ENABLE_OBJC_ARC = YES;
				CLANG_ENABLE_OBJC_WEAK = YES;
				CLANG_WARN_BLOCK_CAPTURE_AUTORELEASING = YES;
				CLANG_WARN_BOOL_CONVERSION = YES;
				CLANG_WARN_COMMA = YES;
				CLANG_WARN_CONSTANT_CONVERSION = YES;
				CLANG_WARN_DEPRECATED_OBJC_IMPLEMENTATIONS = YES;
				CLANG_WARN_DIRECT_OBJC_ISA_USAGE = YES_ERROR;
				CLANG_WARN_DOCUMENTATION_COMMENTS = YES;
				CLANG_WARN_EMPTY_BODY = YES;
				CLANG_WARN_ENUM_CONVERSION = YES;
				CLANG_WARN_INFINITE_RECURSION = YES;
				CLANG_WARN_INT_CONVERSION = YES;
				CLANG_WARN_NON_LITERAL_NULL_CONVERSION = YES;
				CLANG_WARN_OBJC_IMPLICIT_RETAIN_SELF = YES;
				CLANG_WARN_OBJC_LITERAL_CONVERSION = YES;
				CLANG_WARN_OBJC_ROOT_CLASS = YES_ERROR;
				CLANG_WARN_QUOTED_INCLUDE_IN_FRAMEWORK_HEADER = YES;
				CLANG_WARN_RANGE_LOOP_ANALYSIS = YES;
				CLANG_WARN_STRICT_PROTOTYPES = YES;
				CLANG_WARN_SUSPICIOUS_MOVE = YES;
				CLANG_WARN_UNGUARDED_AVAILABILITY = YES_AGGRESSIVE;
				CLANG_WARN_UNREACHABLE_CODE = YES;
				CLANG_WARN__DUPLICATE_METHOD_MATCH = YES;
				COPY_PHASE_STRIP = NO;
				DEBUG_INFORMATION_FORMAT = "dwarf-with-dsym";
				ENABLE_NS_ASSERTIONS = NO;
				ENABLE_STRICT_OBJC_MSGSEND = YES;
				GCC_C_LANGUAGE_STANDARD = gnu11;
				GCC_NO_COMMON_BLOCKS = YES;
				GCC_WARN_64_TO_32_BIT_CONVERSION = YES;
				GCC_WARN_ABOUT_RETURN_TYPE = YES_ERROR;
				GCC_WARN_UNDECLARED_SELECTOR = YES;
				GCC_WARN_UNINITIALIZED_AUTOS = YES_AGGRESSIVE;
				GCC_WARN_UNUSED_FUNCTION = YES;
				GCC_WARN_UNUSED_VARIABLE = YES;
				IPHONEOS_DEPLOYMENT_TARGET = 14.5;
				MTL_ENABLE_DEBUG_INFO = NO;
				MTL_FAST_MATH = YES;
				SDKROOT = iphoneos;
				SWIFT_COMPILATION_MODE = wholemodule;
				SWIFT_OPTIMIZATION_LEVEL = "-O";
				VALIDATE_PRODUCT = YES;
			};
			name = Release;
		};
		346E056B264882F300B45E9A /* Debug */ = {
			isa = XCBuildConfiguration;
			buildSettings = {
				ASSETCATALOG_COMPILER_APPICON_NAME = AppIcon;
				ASSETCATALOG_COMPILER_GLOBAL_ACCENT_COLOR_NAME = AccentColor;
				CODE_SIGN_STYLE = Automatic;
				DEVELOPMENT_ASSET_PATHS = "\"BookSorter/Preview Content\"";
				DEVELOPMENT_TEAM = 25Y24L598Y;
				ENABLE_PREVIEWS = YES;
				INFOPLIST_FILE = BookSorter/Info.plist;
				IPHONEOS_DEPLOYMENT_TARGET = 14.0;
				LD_RUNPATH_SEARCH_PATHS = (
					"$(inherited)",
					"@executable_path/Frameworks",
				);
				PRODUCT_BUNDLE_IDENTIFIER = bruntted.BookSorter;
				PRODUCT_NAME = "$(TARGET_NAME)";
				SWIFT_VERSION = 5.0;
				TARGETED_DEVICE_FAMILY = "1,2";
			};
			name = Debug;
		};
		346E056C264882F300B45E9A /* Release */ = {
			isa = XCBuildConfiguration;
			buildSettings = {
				ASSETCATALOG_COMPILER_APPICON_NAME = AppIcon;
				ASSETCATALOG_COMPILER_GLOBAL_ACCENT_COLOR_NAME = AccentColor;
				CODE_SIGN_STYLE = Automatic;
				DEVELOPMENT_ASSET_PATHS = "\"BookSorter/Preview Content\"";
				DEVELOPMENT_TEAM = 25Y24L598Y;
				ENABLE_PREVIEWS = YES;
				INFOPLIST_FILE = BookSorter/Info.plist;
				IPHONEOS_DEPLOYMENT_TARGET = 14.0;
				LD_RUNPATH_SEARCH_PATHS = (
					"$(inherited)",
					"@executable_path/Frameworks",
				);
				PRODUCT_BUNDLE_IDENTIFIER = bruntted.BookSorter;
				PRODUCT_NAME = "$(TARGET_NAME)";
				SWIFT_VERSION = 5.0;
				TARGETED_DEVICE_FAMILY = "1,2";
			};
			name = Release;
		};
/* End XCBuildConfiguration section */

/* Begin XCConfigurationList section */
		346E0556264882F200B45E9A /* Build configuration list for PBXProject "BookSorter" */ = {
			isa = XCConfigurationList;
			buildConfigurations = (
				346E0568264882F300B45E9A /* Debug */,
				346E0569264882F300B45E9A /* Release */,
			);
			defaultConfigurationIsVisible = 0;
			defaultConfigurationName = Release;
		};
		346E056A264882F300B45E9A /* Build configuration list for PBXNativeTarget "BookSorter" */ = {
			isa = XCConfigurationList;
			buildConfigurations = (
				346E056B264882F300B45E9A /* Debug */,
				346E056C264882F300B45E9A /* Release */,
			);
			defaultConfigurationIsVisible = 0;
			defaultConfigurationName = Release;
		};
/* End XCConfigurationList section */

/* Begin XCRemoteSwiftPackageReference section */
		346E056F264891A300B45E9A /* XCRemoteSwiftPackageReference "CodeScanner" */ = {
			isa = XCRemoteSwiftPackageReference;
			repositoryURL = "https://github.com/twostraws/CodeScanner";
			requirement = {
				kind = upToNextMajorVersion;
				minimumVersion = 1.0.7;
			};
		};
/* End XCRemoteSwiftPackageReference section */

/* Begin XCSwiftPackageProductDependency section */
		346E0570264891A300B45E9A /* CodeScanner */ = {
			isa = XCSwiftPackageProductDependency;
			package = 346E056F264891A300B45E9A /* XCRemoteSwiftPackageReference "CodeScanner" */;
			productName = CodeScanner;
		};
/* End XCSwiftPackageProductDependency section */
	};
	rootObject = 346E0553264882F200B45E9A /* Project object */;
}
